
Microsoft Visual Studio Solution File, Format Version 12.00
# Visual Studio Version 17
VisualStudioVersion = 17.8.34511.84
MinimumVisualStudioVersion = 10.0.40219.1
Project("{FAE04EC0-301F-11D3-BF4B-00C04F79EFBC}") = "OCP_SOLID", "OCP_SOLID\OCP_SOLID.csproj", "{3173E66A-08B9-4375-8689-640019F4DD70}"
EndProject
Global
	GlobalSection(SolutionConfigurationPlatforms) = preSolution
		Debug|Any CPU = Debug|Any CPU
		Release|Any CPU = Release|Any CPU
	EndGlobalSection
	GlobalSection(ProjectConfigurationPlatforms) = postSolution
		{3173E66A-08B9-4375-8689-640019F4DD70}.Debug|Any CPU.ActiveCfg = Debug|Any CPU
		{3173E66A-08B9-4375-8689-640019F4DD70}.Debug|Any CPU.Build.0 = Debug|Any CPU
		{3173E66A-08B9-4375-8689-640019F4DD70}.Release|Any CPU.ActiveCfg = Release|Any CPU
		{3173E66A-08B9-4375-8689-640019F4DD70}.Release|Any CPU.Build.0 = Release|Any CPU
	EndGlobalSection
	GlobalSection(SolutionProperties) = preSolution
		HideSolutionNode = FALSE
	EndGlobalSection
	GlobalSection(ExtensibilityGlobals) = postSolution
		SolutionGuid = {F71FDB0F-CA00-4BDF-B309-915B91BE88EC}
	EndGlobalSection
EndGlobal
